
Microsoft Visual Studio Solution File, Format Version 12.00
# Visual Studio Version 16
VisualStudioVersion = 16.0.30621.155
MinimumVisualStudioVersion = 10.0.40219.1
Project("{FAE04EC0-301F-11D3-BF4B-00C04F79EFBC}") = "Formularios", "Formularios\Formularios.csproj", "{0ACFC908-738F-4BEE-A992-D95C350CCB5D}"
EndProject
Global
	GlobalSection(SolutionConfigurationPlatforms) = preSolution
		Debug|Any CPU = Debug|Any CPU
		Release|Any CPU = Release|Any CPU
	EndGlobalSection
	GlobalSection(ProjectConfigurationPlatforms) = postSolution
		{0ACFC908-738F-4BEE-A992-D95C350CCB5D}.Debug|Any CPU.ActiveCfg = Debug|Any CPU
		{0ACFC908-738F-4BEE-A992-D95C350CCB5D}.Debug|Any CPU.Build.0 = Debug|Any CPU
		{0ACFC908-738F-4BEE-A992-D95C350CCB5D}.Release|Any CPU.ActiveCfg = Release|Any CPU
		{0ACFC908-738F-4BEE-A992-D95C350CCB5D}.Release|Any CPU.Build.0 = Release|Any CPU
	EndGlobalSection
	GlobalSection(SolutionProperties) = preSolution
		HideSolutionNode = FALSE
	EndGlobalSection
	GlobalSection(ExtensibilityGlobals) = postSolution
		SolutionGuid = {F97C5135-A1BD-4D7E-8AA3-21CA16C273A0}
	EndGlobalSection
EndGlobal
